
Microsoft Visual Studio Solution File, Format Version 12.00
# Visual Studio Version 17
VisualStudioVersion = 17.12.35521.163
MinimumVisualStudioVersion = 10.0.40219.1
Project("{FAE04EC0-301F-11D3-BF4B-00C04F79EFBC}") = "HsR.PriceAlerts.Web.API", "HsR.PriceAlerts.Web.API\HsR.PriceAlerts.Web.API.csproj", "{EEA25423-F99D-4700-9BC9-A3276B513A20}"
EndProject
Project("{FAE04EC0-301F-11D3-BF4B-00C04F79EFBC}") = "HsR.Common", "..\Server.Common\HsR.Common\HsR.Common.csproj", "{03092830-8D24-4DD7-889C-686219869284}"
EndProject
Project("{FAE04EC0-301F-11D3-BF4B-00C04F79EFBC}") = "HsR.PriceAlerts.Entities", "HsR.PriceAlerts.Entities\HsR.PriceAlerts.Entities.csproj", "{7E6BC007-57CB-4E9B-9DA6-BF72C99EE501}"
EndProject
Project("{FAE04EC0-301F-11D3-BF4B-00C04F79EFBC}") = "HsR.PriceAlerts.Entities.Factory", "HsR.PriceAlerts.Entities.Factory\HsR.PriceAlerts.Entities.Factory.csproj", "{7162AF9D-8FF3-4DB6-AD2D-220521E7989A}"
EndProject
Project("{FAE04EC0-301F-11D3-BF4B-00C04F79EFBC}") = "HsR.PriceAlerts.Repository", "HsR.PriceAlerts.Repository\HsR.PriceAlerts.Repository.csproj", "{BE08D8AA-16A8-4559-81C0-15A6576E05F7}"
EndProject
Project("{2150E333-8FDC-42A3-9474-1A3956D46DE8}") = "PriceAlerts", "PriceAlerts", "{085A1250-96C9-4709-8119-25E687EA021E}"
EndProject
Project("{2150E333-8FDC-42A3-9474-1A3956D46DE8}") = "Price", "Price", "{57A96199-3669-4ACA-9610-9FA6D9B68CF9}"
EndProject
Project("{FAE04EC0-301F-11D3-BF4B-00C04F79EFBC}") = "HsR.Price.Entities.Factory", "HsR.Price.Entities.Factory\HsR.Price.Entities.Factory.csproj", "{C5081092-6454-4789-B691-115AB8FF30A2}"
EndProject
Project("{FAE04EC0-301F-11D3-BF4B-00C04F79EFBC}") = "HsR.Price.Repository", "HsR.Price.Repository\HsR.Price.Repository.csproj", "{1F4DFA42-3D82-45A7-81F7-C49EC7FEA287}"
EndProject
Project("{FAE04EC0-301F-11D3-BF4B-00C04F79EFBC}") = "HsR.Ticker.Entity", "HsR.Ticker.Entity\HsR.Ticker.Entity.csproj", "{ED313F7C-73A9-4DCF-979A-80C3724B80AF}"
EndProject
Project("{FAE04EC0-301F-11D3-BF4B-00C04F79EFBC}") = "HsR.Price.Entities", "HsR.Price.Entities\HsR.Price.Entities.csproj", "{D2DC95A1-AB1C-46D1-8384-233D4C3B60AB}"
EndProject
Global
	GlobalSection(SolutionConfigurationPlatforms) = preSolution
		Debug|Any CPU = Debug|Any CPU
		Release|Any CPU = Release|Any CPU
	EndGlobalSection
	GlobalSection(ProjectConfigurationPlatforms) = postSolution
		{EEA25423-F99D-4700-9BC9-A3276B513A20}.Debug|Any CPU.ActiveCfg = Debug|Any CPU
		{EEA25423-F99D-4700-9BC9-A3276B513A20}.Debug|Any CPU.Build.0 = Debug|Any CPU
		{EEA25423-F99D-4700-9BC9-A3276B513A20}.Release|Any CPU.ActiveCfg = Release|Any CPU
		{EEA25423-F99D-4700-9BC9-A3276B513A20}.Release|Any CPU.Build.0 = Release|Any CPU
		{03092830-8D24-4DD7-889C-686219869284}.Debug|Any CPU.ActiveCfg = Debug|Any CPU
		{03092830-8D24-4DD7-889C-686219869284}.Debug|Any CPU.Build.0 = Debug|Any CPU
		{03092830-8D24-4DD7-889C-686219869284}.Release|Any CPU.ActiveCfg = Release|Any CPU
		{03092830-8D24-4DD7-889C-686219869284}.Release|Any CPU.Build.0 = Release|Any CPU
		{7E6BC007-57CB-4E9B-9DA6-BF72C99EE501}.Debug|Any CPU.ActiveCfg = Debug|Any CPU
		{7E6BC007-57CB-4E9B-9DA6-BF72C99EE501}.Debug|Any CPU.Build.0 = Debug|Any CPU
		{7E6BC007-57CB-4E9B-9DA6-BF72C99EE501}.Release|Any CPU.ActiveCfg = Release|Any CPU
		{7E6BC007-57CB-4E9B-9DA6-BF72C99EE501}.Release|Any CPU.Build.0 = Release|Any CPU
		{7162AF9D-8FF3-4DB6-AD2D-220521E7989A}.Debug|Any CPU.ActiveCfg = Debug|Any CPU
		{7162AF9D-8FF3-4DB6-AD2D-220521E7989A}.Debug|Any CPU.Build.0 = Debug|Any CPU
		{7162AF9D-8FF3-4DB6-AD2D-220521E7989A}.Release|Any CPU.ActiveCfg = Release|Any CPU
		{7162AF9D-8FF3-4DB6-AD2D-220521E7989A}.Release|Any CPU.Build.0 = Release|Any CPU
		{BE08D8AA-16A8-4559-81C0-15A6576E05F7}.Debug|Any CPU.ActiveCfg = Debug|Any CPU
		{BE08D8AA-16A8-4559-81C0-15A6576E05F7}.Debug|Any CPU.Build.0 = Debug|Any CPU
		{BE08D8AA-16A8-4559-81C0-15A6576E05F7}.Release|Any CPU.ActiveCfg = Release|Any CPU
		{BE08D8AA-16A8-4559-81C0-15A6576E05F7}.Release|Any CPU.Build.0 = Release|Any CPU
		{C5081092-6454-4789-B691-115AB8FF30A2}.Debug|Any CPU.ActiveCfg = Debug|Any CPU
		{C5081092-6454-4789-B691-115AB8FF30A2}.Debug|Any CPU.Build.0 = Debug|Any CPU
		{C5081092-6454-4789-B691-115AB8FF30A2}.Release|Any CPU.ActiveCfg = Release|Any CPU
		{C5081092-6454-4789-B691-115AB8FF30A2}.Release|Any CPU.Build.0 = Release|Any CPU
		{1F4DFA42-3D82-45A7-81F7-C49EC7FEA287}.Debug|Any CPU.ActiveCfg = Debug|Any CPU
		{1F4DFA42-3D82-45A7-81F7-C49EC7FEA287}.Debug|Any CPU.Build.0 = Debug|Any CPU
		{1F4DFA42-3D82-45A7-81F7-C49EC7FEA287}.Release|Any CPU.ActiveCfg = Release|Any CPU
		{1F4DFA42-3D82-45A7-81F7-C49EC7FEA287}.Release|Any CPU.Build.0 = Release|Any CPU
		{ED313F7C-73A9-4DCF-979A-80C3724B80AF}.Debug|Any CPU.ActiveCfg = Debug|Any CPU
		{ED313F7C-73A9-4DCF-979A-80C3724B80AF}.Debug|Any CPU.Build.0 = Debug|Any CPU
		{ED313F7C-73A9-4DCF-979A-80C3724B80AF}.Release|Any CPU.ActiveCfg = Release|Any CPU
		{ED313F7C-73A9-4DCF-979A-80C3724B80AF}.Release|Any CPU.Build.0 = Release|Any CPU
		{D2DC95A1-AB1C-46D1-8384-233D4C3B60AB}.Debug|Any CPU.ActiveCfg = Debug|Any CPU
		{D2DC95A1-AB1C-46D1-8384-233D4C3B60AB}.Debug|Any CPU.Build.0 = Debug|Any CPU
		{D2DC95A1-AB1C-46D1-8384-233D4C3B60AB}.Release|Any CPU.ActiveCfg = Release|Any CPU
		{D2DC95A1-AB1C-46D1-8384-233D4C3B60AB}.Release|Any CPU.Build.0 = Release|Any CPU
	EndGlobalSection
	GlobalSection(SolutionProperties) = preSolution
		HideSolutionNode = FALSE
	EndGlobalSection
	GlobalSection(NestedProjects) = preSolution
		{7E6BC007-57CB-4E9B-9DA6-BF72C99EE501} = {085A1250-96C9-4709-8119-25E687EA021E}
		{7162AF9D-8FF3-4DB6-AD2D-220521E7989A} = {085A1250-96C9-4709-8119-25E687EA021E}
		{BE08D8AA-16A8-4559-81C0-15A6576E05F7} = {085A1250-96C9-4709-8119-25E687EA021E}
		{C5081092-6454-4789-B691-115AB8FF30A2} = {57A96199-3669-4ACA-9610-9FA6D9B68CF9}
		{1F4DFA42-3D82-45A7-81F7-C49EC7FEA287} = {57A96199-3669-4ACA-9610-9FA6D9B68CF9}
		{ED313F7C-73A9-4DCF-979A-80C3724B80AF} = {57A96199-3669-4ACA-9610-9FA6D9B68CF9}
		{D2DC95A1-AB1C-46D1-8384-233D4C3B60AB} = {57A96199-3669-4ACA-9610-9FA6D9B68CF9}
	EndGlobalSection
EndGlobal
