
Microsoft Visual Studio Solution File, Format Version 12.00
# Visual Studio Version 17
VisualStudioVersion = 17.12.35521.163
MinimumVisualStudioVersion = 10.0.40219.1
Project("{2150E333-8FDC-42A3-9474-1A3956D46DE8}") = "Common", "Common", "{AFB14AF5-BB16-44BC-88E0-6D2D5B91E7E9}"
EndProject
Project("{FAE04EC0-301F-11D3-BF4B-00C04F79EFBC}") = "HsR.Common.Db", "Common.Net\HsR.Common.Db\HsR.Common.Db.csproj", "{20684AED-629D-2716-483E-A1A78A75B2B5}"
EndProject
Project("{FAE04EC0-301F-11D3-BF4B-00C04F79EFBC}") = "HsR.Common.AspNet", "Common.Net\HsR.Common.AspNet\HsR.Common.AspNet.csproj", "{AC69A855-7F0A-FC46-6236-DE054D622230}"
EndProject
Project("{FAE04EC0-301F-11D3-BF4B-00C04F79EFBC}") = "HsR.Common", "Common.Net\HsR.Common\HsR.Common.csproj", "{FC7448B8-CA62-D6FE-D7B5-AF94F13E1364}"
EndProject
Project("{FAE04EC0-301F-11D3-BF4B-00C04F79EFBC}") = "MarketWatch.Price.Entities", "MarketWatch.All\MarketWatch.Price.Entities\MarketWatch.Price.Entities.csproj", "{640354EA-0E60-B888-67B8-731E8BDC198A}"
EndProject
Project("{FAE04EC0-301F-11D3-BF4B-00C04F79EFBC}") = "MW.Price.Fetcher.Main", "MarketWatch.All\MW.Price.Fetcher.Main\MW.Price.Fetcher.Main.csproj", "{FAA8D13D-19BD-46F8-8724-B76206587520}"
EndProject
Project("{FAE04EC0-301F-11D3-BF4B-00C04F79EFBC}") = "MarketWatch.Price.Repository", "MarketWatch.All\MarketWatch.Price.Repository\MarketWatch.Price.Repository.csproj", "{83738F8F-28C8-4FED-A015-59E1495ECD7B}"
EndProject
Project("{FAE04EC0-301F-11D3-BF4B-00C04F79EFBC}") = "MW.Price.Fetcher.Adapters", "MarketWatch.All\MW.Price.Fetcher.Adapters\MW.Price.Fetcher.Adapters.csproj", "{B68D036A-B81E-43A5-B7C1-D5AC61D61F32}"
EndProject
Project("{2150E333-8FDC-42A3-9474-1A3956D46DE8}") = "Notes", "Notes", "{02EA681E-C7D8-13C7-8484-4AC65E1B71E8}"
	ProjectSection(SolutionItems) = preProject
		MarketWatch.All\API Providers Research.txt = MarketWatch.All\API Providers Research.txt
	EndProjectSection
EndProject
Project("{FAE04EC0-301F-11D3-BF4B-00C04F79EFBC}") = "MW.Price.Fetcher.IBKR", "MW.Price.Fetcher.IBKR\MW.Price.Fetcher.IBKR.csproj", "{58B45746-357E-470A-891F-8AED00E82621}"
EndProject
Global
	GlobalSection(SolutionConfigurationPlatforms) = preSolution
		Debug|Any CPU = Debug|Any CPU
		Release|Any CPU = Release|Any CPU
	EndGlobalSection
	GlobalSection(ProjectConfigurationPlatforms) = postSolution
		{20684AED-629D-2716-483E-A1A78A75B2B5}.Debug|Any CPU.ActiveCfg = Debug|Any CPU
		{20684AED-629D-2716-483E-A1A78A75B2B5}.Debug|Any CPU.Build.0 = Debug|Any CPU
		{20684AED-629D-2716-483E-A1A78A75B2B5}.Release|Any CPU.ActiveCfg = Release|Any CPU
		{20684AED-629D-2716-483E-A1A78A75B2B5}.Release|Any CPU.Build.0 = Release|Any CPU
		{AC69A855-7F0A-FC46-6236-DE054D622230}.Debug|Any CPU.ActiveCfg = Debug|Any CPU
		{AC69A855-7F0A-FC46-6236-DE054D622230}.Debug|Any CPU.Build.0 = Debug|Any CPU
		{AC69A855-7F0A-FC46-6236-DE054D622230}.Release|Any CPU.ActiveCfg = Release|Any CPU
		{AC69A855-7F0A-FC46-6236-DE054D622230}.Release|Any CPU.Build.0 = Release|Any CPU
		{FC7448B8-CA62-D6FE-D7B5-AF94F13E1364}.Debug|Any CPU.ActiveCfg = Debug|Any CPU
		{FC7448B8-CA62-D6FE-D7B5-AF94F13E1364}.Debug|Any CPU.Build.0 = Debug|Any CPU
		{FC7448B8-CA62-D6FE-D7B5-AF94F13E1364}.Release|Any CPU.ActiveCfg = Release|Any CPU
		{FC7448B8-CA62-D6FE-D7B5-AF94F13E1364}.Release|Any CPU.Build.0 = Release|Any CPU
		{640354EA-0E60-B888-67B8-731E8BDC198A}.Debug|Any CPU.ActiveCfg = Debug|Any CPU
		{640354EA-0E60-B888-67B8-731E8BDC198A}.Debug|Any CPU.Build.0 = Debug|Any CPU
		{640354EA-0E60-B888-67B8-731E8BDC198A}.Release|Any CPU.ActiveCfg = Release|Any CPU
		{640354EA-0E60-B888-67B8-731E8BDC198A}.Release|Any CPU.Build.0 = Release|Any CPU
		{FAA8D13D-19BD-46F8-8724-B76206587520}.Debug|Any CPU.ActiveCfg = Debug|Any CPU
		{FAA8D13D-19BD-46F8-8724-B76206587520}.Debug|Any CPU.Build.0 = Debug|Any CPU
		{FAA8D13D-19BD-46F8-8724-B76206587520}.Release|Any CPU.ActiveCfg = Release|Any CPU
		{FAA8D13D-19BD-46F8-8724-B76206587520}.Release|Any CPU.Build.0 = Release|Any CPU
		{83738F8F-28C8-4FED-A015-59E1495ECD7B}.Debug|Any CPU.ActiveCfg = Debug|Any CPU
		{83738F8F-28C8-4FED-A015-59E1495ECD7B}.Debug|Any CPU.Build.0 = Debug|Any CPU
		{83738F8F-28C8-4FED-A015-59E1495ECD7B}.Release|Any CPU.ActiveCfg = Release|Any CPU
		{83738F8F-28C8-4FED-A015-59E1495ECD7B}.Release|Any CPU.Build.0 = Release|Any CPU
		{B68D036A-B81E-43A5-B7C1-D5AC61D61F32}.Debug|Any CPU.ActiveCfg = Debug|Any CPU
		{B68D036A-B81E-43A5-B7C1-D5AC61D61F32}.Debug|Any CPU.Build.0 = Debug|Any CPU
		{B68D036A-B81E-43A5-B7C1-D5AC61D61F32}.Release|Any CPU.ActiveCfg = Release|Any CPU
		{B68D036A-B81E-43A5-B7C1-D5AC61D61F32}.Release|Any CPU.Build.0 = Release|Any CPU
		{58B45746-357E-470A-891F-8AED00E82621}.Debug|Any CPU.ActiveCfg = Debug|Any CPU
		{58B45746-357E-470A-891F-8AED00E82621}.Debug|Any CPU.Build.0 = Debug|Any CPU
		{58B45746-357E-470A-891F-8AED00E82621}.Release|Any CPU.ActiveCfg = Release|Any CPU
		{58B45746-357E-470A-891F-8AED00E82621}.Release|Any CPU.Build.0 = Release|Any CPU
	EndGlobalSection
	GlobalSection(SolutionProperties) = preSolution
		HideSolutionNode = FALSE
	EndGlobalSection
	GlobalSection(NestedProjects) = preSolution
		{20684AED-629D-2716-483E-A1A78A75B2B5} = {AFB14AF5-BB16-44BC-88E0-6D2D5B91E7E9}
		{AC69A855-7F0A-FC46-6236-DE054D622230} = {AFB14AF5-BB16-44BC-88E0-6D2D5B91E7E9}
		{FC7448B8-CA62-D6FE-D7B5-AF94F13E1364} = {AFB14AF5-BB16-44BC-88E0-6D2D5B91E7E9}
	EndGlobalSection
	GlobalSection(ExtensibilityGlobals) = postSolution
		SolutionGuid = {5E898C2A-771C-48A0-BD47-FC22F0F0609D}
	EndGlobalSection
EndGlobal
