
Microsoft Visual Studio Solution File, Format Version 12.00
# Visual Studio Version 17
VisualStudioVersion = 17.3.32929.385
MinimumVisualStudioVersion = 10.0.40219.1
Project("{9A19103F-16F7-4668-BE54-9A1E7A4F7556}") = "HsR.Web.API", "Journal\JTA.Web.API\HsR.Web.API.csproj", "{BFD76645-DDC9-495D-8575-4236508BBA0A}"
EndProject
Project("{9A19103F-16F7-4668-BE54-9A1E7A4F7556}") = "HsR.Journal.Entities", "Journal\JTA.Journal.Entities\HsR.Journal.Entities.csproj", "{4DD2E0D5-8DB3-40DA-8516-436A8F4A7406}"
EndProject
Project("{9A19103F-16F7-4668-BE54-9A1E7A4F7556}") = "HsR.Journal.Repository", "Journal\JTA.Journal.Repository\HsR.Journal.Repository.csproj", "{71B5E78E-B056-4414-B253-42E41650DC5D}"
EndProject
Project("{9A19103F-16F7-4668-BE54-9A1E7A4F7556}") = "HsR.Journal.Seeder", "Journal\JTA.Journal.Seeder\HsR.Journal.Seeder.csproj", "{9E5A0232-2B34-4D69-A714-2C34C38C4BB4}"
EndProject
Project("{9A19103F-16F7-4668-BE54-9A1E7A4F7556}") = "HsR.Web.Services", "Journal\JTA.Web.Services\HsR.Web.Services.csproj", "{A1142458-7155-4FC6-BEB2-81DA7FE6A06D}"
EndProject
Project("{FAE04EC0-301F-11D3-BF4B-00C04F79EFBC}") = "HsR.Journal.UnitTests", "Journal\JTA.UnitTests\HsR.Journal.UnitTests.csproj", "{1070FBF4-644F-4D08-8486-37EB9F8D872E}"
EndProject
Project("{FAE04EC0-301F-11D3-BF4B-00C04F79EFBC}") = "HsR.Journal.Infrastructure", "Journal\JTA.Infrastructure\HsR.Journal.Infrastructure.csproj", "{4C8A4A02-17FD-42BA-85F0-D535616669E9}"
EndProject
Project("{2150E333-8FDC-42A3-9474-1A3956D46DE8}") = "Solution Items", "Solution Items", "{431FEC36-857D-4990-A331-54C7FCDA5E92}"
	ProjectSection(SolutionItems) = preProject
		.editorconfig = .editorconfig
	EndProjectSection
EndProject
Project("{2150E333-8FDC-42A3-9474-1A3956D46DE8}") = "Journal", "Journal", "{E2F11EF4-F624-492C-83BE-36B75D46AA56}"
EndProject
Project("{2150E333-8FDC-42A3-9474-1A3956D46DE8}") = "Ledger", "Ledger", "{5CAFC034-4D7B-4A72-B13C-5FF762C6EEEF}"
EndProject
Project("{FAE04EC0-301F-11D3-BF4B-00C04F79EFBC}") = "HsR.Common", "..\Server.Common\HsR.Common\HsR.Common.csproj", "{C7809543-EF79-49D8-820A-ED03C99AE855}"
EndProject
Project("{FAE04EC0-301F-11D3-BF4B-00C04F79EFBC}") = "HsR.Journal.Entities.Factory", "Journal\JTA.Journal.Entities.Factory\HsR.Journal.Entities.Factory\HsR.Journal.Entities.Factory.csproj", "{FE541F0D-5304-41B5-B2F6-BBBBA1A8A850}"
EndProject
Global
	GlobalSection(SolutionConfigurationPlatforms) = preSolution
		Debug|Any CPU = Debug|Any CPU
		Release|Any CPU = Release|Any CPU
	EndGlobalSection
	GlobalSection(ProjectConfigurationPlatforms) = postSolution
		{BFD76645-DDC9-495D-8575-4236508BBA0A}.Debug|Any CPU.ActiveCfg = Debug|Any CPU
		{BFD76645-DDC9-495D-8575-4236508BBA0A}.Debug|Any CPU.Build.0 = Debug|Any CPU
		{BFD76645-DDC9-495D-8575-4236508BBA0A}.Release|Any CPU.ActiveCfg = Release|Any CPU
		{BFD76645-DDC9-495D-8575-4236508BBA0A}.Release|Any CPU.Build.0 = Release|Any CPU
		{4DD2E0D5-8DB3-40DA-8516-436A8F4A7406}.Debug|Any CPU.ActiveCfg = Debug|Any CPU
		{4DD2E0D5-8DB3-40DA-8516-436A8F4A7406}.Debug|Any CPU.Build.0 = Debug|Any CPU
		{4DD2E0D5-8DB3-40DA-8516-436A8F4A7406}.Release|Any CPU.ActiveCfg = Release|Any CPU
		{4DD2E0D5-8DB3-40DA-8516-436A8F4A7406}.Release|Any CPU.Build.0 = Release|Any CPU
		{71B5E78E-B056-4414-B253-42E41650DC5D}.Debug|Any CPU.ActiveCfg = Debug|Any CPU
		{71B5E78E-B056-4414-B253-42E41650DC5D}.Debug|Any CPU.Build.0 = Debug|Any CPU
		{71B5E78E-B056-4414-B253-42E41650DC5D}.Release|Any CPU.ActiveCfg = Release|Any CPU
		{71B5E78E-B056-4414-B253-42E41650DC5D}.Release|Any CPU.Build.0 = Release|Any CPU
		{9E5A0232-2B34-4D69-A714-2C34C38C4BB4}.Debug|Any CPU.ActiveCfg = Debug|Any CPU
		{9E5A0232-2B34-4D69-A714-2C34C38C4BB4}.Debug|Any CPU.Build.0 = Debug|Any CPU
		{9E5A0232-2B34-4D69-A714-2C34C38C4BB4}.Release|Any CPU.ActiveCfg = Release|Any CPU
		{9E5A0232-2B34-4D69-A714-2C34C38C4BB4}.Release|Any CPU.Build.0 = Release|Any CPU
		{A1142458-7155-4FC6-BEB2-81DA7FE6A06D}.Debug|Any CPU.ActiveCfg = Debug|Any CPU
		{A1142458-7155-4FC6-BEB2-81DA7FE6A06D}.Debug|Any CPU.Build.0 = Debug|Any CPU
		{A1142458-7155-4FC6-BEB2-81DA7FE6A06D}.Release|Any CPU.ActiveCfg = Release|Any CPU
		{A1142458-7155-4FC6-BEB2-81DA7FE6A06D}.Release|Any CPU.Build.0 = Release|Any CPU
		{1070FBF4-644F-4D08-8486-37EB9F8D872E}.Debug|Any CPU.ActiveCfg = Debug|Any CPU
		{1070FBF4-644F-4D08-8486-37EB9F8D872E}.Debug|Any CPU.Build.0 = Debug|Any CPU
		{1070FBF4-644F-4D08-8486-37EB9F8D872E}.Release|Any CPU.ActiveCfg = Release|Any CPU
		{1070FBF4-644F-4D08-8486-37EB9F8D872E}.Release|Any CPU.Build.0 = Release|Any CPU
		{4C8A4A02-17FD-42BA-85F0-D535616669E9}.Debug|Any CPU.ActiveCfg = Debug|Any CPU
		{4C8A4A02-17FD-42BA-85F0-D535616669E9}.Debug|Any CPU.Build.0 = Debug|Any CPU
		{4C8A4A02-17FD-42BA-85F0-D535616669E9}.Release|Any CPU.ActiveCfg = Release|Any CPU
		{4C8A4A02-17FD-42BA-85F0-D535616669E9}.Release|Any CPU.Build.0 = Release|Any CPU
		{C7809543-EF79-49D8-820A-ED03C99AE855}.Debug|Any CPU.ActiveCfg = Debug|Any CPU
		{C7809543-EF79-49D8-820A-ED03C99AE855}.Debug|Any CPU.Build.0 = Debug|Any CPU
		{C7809543-EF79-49D8-820A-ED03C99AE855}.Release|Any CPU.ActiveCfg = Release|Any CPU
		{C7809543-EF79-49D8-820A-ED03C99AE855}.Release|Any CPU.Build.0 = Release|Any CPU
		{FE541F0D-5304-41B5-B2F6-BBBBA1A8A850}.Debug|Any CPU.ActiveCfg = Debug|Any CPU
		{FE541F0D-5304-41B5-B2F6-BBBBA1A8A850}.Debug|Any CPU.Build.0 = Debug|Any CPU
		{FE541F0D-5304-41B5-B2F6-BBBBA1A8A850}.Release|Any CPU.ActiveCfg = Release|Any CPU
		{FE541F0D-5304-41B5-B2F6-BBBBA1A8A850}.Release|Any CPU.Build.0 = Release|Any CPU
	EndGlobalSection
	GlobalSection(SolutionProperties) = preSolution
		HideSolutionNode = FALSE
	EndGlobalSection
	GlobalSection(NestedProjects) = preSolution
		{4DD2E0D5-8DB3-40DA-8516-436A8F4A7406} = {E2F11EF4-F624-492C-83BE-36B75D46AA56}
		{71B5E78E-B056-4414-B253-42E41650DC5D} = {E2F11EF4-F624-492C-83BE-36B75D46AA56}
		{9E5A0232-2B34-4D69-A714-2C34C38C4BB4} = {E2F11EF4-F624-492C-83BE-36B75D46AA56}
		{1070FBF4-644F-4D08-8486-37EB9F8D872E} = {E2F11EF4-F624-492C-83BE-36B75D46AA56}
		{4C8A4A02-17FD-42BA-85F0-D535616669E9} = {E2F11EF4-F624-492C-83BE-36B75D46AA56}
		{FE541F0D-5304-41B5-B2F6-BBBBA1A8A850} = {E2F11EF4-F624-492C-83BE-36B75D46AA56}
	EndGlobalSection
	GlobalSection(ExtensibilityGlobals) = postSolution
		SolutionGuid = {6CD0AE80-6A63-459E-884D-64F6D12582F5}
	EndGlobalSection
EndGlobal
